<?xml version="1.0" encoding="utf-8"?>
<Project ToolsVersion="4.0" xmlns="http://schemas.microsoft.com/developer/msbuild/2003">
  <ItemGroup>
    <Filter Include="소스 파일">
      <UniqueIdentifier>{4FC737F1-C7A5-4376-A066-2A32D752A2FF}</UniqueIdentifier>
      <Extensions>cpp;c;cc;cxx;c++;cppm;ixx;def;odl;idl;hpj;bat;asm;asmx</Extensions>
    </Filter>
    <Filter Include="헤더 파일">
      <UniqueIdentifier>{93995380-89BD-4b04-88EB-625FBE52EBFB}</UniqueIdentifier>
      <Extensions>h;hh;hpp;hxx;h++;hm;inl;inc;ipp;xsd</Extensions>
    </Filter>
    <Filter Include="리소스 파일">
      <UniqueIdentifier>{67DA6AB6-F800-4c08-8B7A-83BB121AAD01}</UniqueIdentifier>
      <Extensions>rc;ico;cur;bmp;dlg;rc2;rct;bin;rgs;gif;jpg;jpeg;jpe;resx;tiff;tif;png;wav;mfcribbon-ms</Extensions>
    </Filter>
    <Filter Include="소스 파일\기초코드작성요령">
      <UniqueIdentifier>{7bd755a7-6898-43b1-96b1-62db78ad8341}</UniqueIdentifier>
    </Filter>
    <Filter Include="소스 파일\배열">
      <UniqueIdentifier>{97d60ebb-9bfc-4d03-b512-657989b92d2c}</UniqueIdentifier>
    </Filter>
    <Filter Include="소스 파일\연결리스트">
      <UniqueIdentifier>{6517cb73-2744-4eea-a6fa-3e2fa2cefa79}</UniqueIdentifier>
    </Filter>
    <Filter Include="소스 파일\스택">
      <UniqueIdentifier>{8f9bc77b-9c68-4891-a51e-0496a465e1b2}</UniqueIdentifier>
    </Filter>
  </ItemGroup>
  <ItemGroup>
    <ClCompile Include="소스.cpp">
      <Filter>소스 파일</Filter>
    </ClCompile>
    <ClCompile Include="2480_주사위세개.cpp">
      <Filter>소스 파일\기초코드작성요령</Filter>
    </ClCompile>
    <ClCompile Include="2576_홀수.cpp">
      <Filter>소스 파일\기초코드작성요령</Filter>
    </ClCompile>
    <ClCompile Include="2309_일곱난쟁이.cpp">
      <Filter>소스 파일\기초코드작성요령</Filter>
    </ClCompile>
    <ClCompile Include="10093_숫자.cpp">
      <Filter>소스 파일\기초코드작성요령</Filter>
    </ClCompile>
    <ClCompile Include="1267_핸드폰요금.cpp">
      <Filter>소스 파일\기초코드작성요령</Filter>
    </ClCompile>
    <ClCompile Include="10804_카드역배치.cpp">
      <Filter>소스 파일\기초코드작성요령</Filter>
    </ClCompile>
    <ClCompile Include="최댓값.cpp">
      <Filter>소스 파일\기초코드작성요령</Filter>
    </ClCompile>
    <ClCompile Include="배열 제거,추가 함수 짜보기.cpp">
      <Filter>소스 파일\배열</Filter>
    </ClCompile>
    <ClCompile Include="10808_알파벳개수.cpp">
      <Filter>소스 파일\배열</Filter>
    </ClCompile>
    <ClCompile Include="3273_두수의합.cpp">
      <Filter>소스 파일\배열</Filter>
    </ClCompile>
    <ClCompile Include="2577_숫자의개수.cpp">
      <Filter>소스 파일\배열</Filter>
    </ClCompile>
    <ClCompile Include="1475_방번호.cpp">
      <Filter>소스 파일\배열</Filter>
    </ClCompile>
    <ClCompile Include="13300_방배정.cpp">
      <Filter>소스 파일\배열</Filter>
    </ClCompile>
    <ClCompile Include="1919_애너그램 만들기.cpp">
      <Filter>소스 파일\배열</Filter>
    </ClCompile>
    <ClCompile Include="1158_요세푸스 문제.cpp">
      <Filter>소스 파일\연결리스트</Filter>
    </ClCompile>
    <ClCompile Include="1406_에디터.cpp">
      <Filter>소스 파일\연결리스트</Filter>
    </ClCompile>
    <ClCompile Include="5397_키로거.cpp">
      <Filter>소스 파일\연결리스트</Filter>
    </ClCompile>
    <ClCompile Include="17298_오큰수.cpp">
      <Filter>소스 파일\스택</Filter>
    </ClCompile>
    <ClCompile Include="6198번_옥상가꾸기.cpp">
      <Filter>소스 파일\스택</Filter>
    </ClCompile>
    <ClCompile Include="2493_탑.cpp">
      <Filter>소스 파일\스택</Filter>
    </ClCompile>
    <ClCompile Include="1874_수열스택.cpp">
      <Filter>소스 파일\스택</Filter>
    </ClCompile>
    <ClCompile Include="10773_제로.cpp">
      <Filter>소스 파일\스택</Filter>
    </ClCompile>
    <ClCompile Include="3015_오아시스재결합.cpp">
      <Filter>소스 파일\스택</Filter>
    </ClCompile>
    <ClCompile Include="소스3.cpp">
      <Filter>소스 파일\스택</Filter>
    </ClCompile>
  </ItemGroup>
</Project>